
Microsoft Visual Studio Solution File, Format Version 12.00
# Visual Studio 15
VisualStudioVersion = 15.0.28010.2016
MinimumVisualStudioVersion = 10.0.40219.1
Project("{FAE04EC0-301F-11D3-BF4B-00C04F79EFBC}") = "HY_PML", "HY_PML\HY_PML.csproj", "{AAAEC2E9-4158-4A67-9CC8-A2992E0F0721}"
EndProject
Global
	GlobalSection(SolutionConfigurationPlatforms) = preSolution
		Debug|Any CPU = Debug|Any CPU
		Release|Any CPU = Release|Any CPU
	EndGlobalSection
	GlobalSection(ProjectConfigurationPlatforms) = postSolution
		{AAAEC2E9-4158-4A67-9CC8-A2992E0F0721}.Debug|Any CPU.ActiveCfg = Debug|Any CPU
		{AAAEC2E9-4158-4A67-9CC8-A2992E0F0721}.Debug|Any CPU.Build.0 = Debug|Any CPU
		{AAAEC2E9-4158-4A67-9CC8-A2992E0F0721}.Release|Any CPU.ActiveCfg = Release|Any CPU
		{AAAEC2E9-4158-4A67-9CC8-A2992E0F0721}.Release|Any CPU.Build.0 = Release|Any CPU
	EndGlobalSection
	GlobalSection(SolutionProperties) = preSolution
		HideSolutionNode = FALSE
	EndGlobalSection
	GlobalSection(ExtensibilityGlobals) = postSolution
		SolutionGuid = {275526D5-44A5-4788-9B95-9D1B4DBFCE93}
	EndGlobalSection
EndGlobal
